
Microsoft Visual Studio Solution File, Format Version 12.00
# Visual Studio Version 17
VisualStudioVersion = 17.0.31903.59
MinimumVisualStudioVersion = 10.0.40219.1
Project("{FAE04EC0-301F-11D3-BF4B-00C04F79EFBC}") = "GameStore.Web", "GameStore.Web\GameStore.Web.csproj", "{3A28E56A-DAF5-4B9D-87AE-A9376345BA0A}"
EndProject
Project("{FAE04EC0-301F-11D3-BF4B-00C04F79EFBC}") = "GameStore.Business", "GameStore.Business\GameStore.Business.csproj", "{6E825648-1B0D-4B9F-B3DF-F4CAF77024C0}"
EndProject
Project("{FAE04EC0-301F-11D3-BF4B-00C04F79EFBC}") = "GameStore.Data", "GameStore.Data\GameStore.Data.csproj", "{3485E187-7C8B-4544-AC2C-0E4520015D62}"
EndProject
Global
	GlobalSection(SolutionConfigurationPlatforms) = preSolution
		Debug|Any CPU = Debug|Any CPU
		Debug|x64 = Debug|x64
		Debug|x86 = Debug|x86
		Release|Any CPU = Release|Any CPU
		Release|x64 = Release|x64
		Release|x86 = Release|x86
	EndGlobalSection
	GlobalSection(ProjectConfigurationPlatforms) = postSolution
		{3A28E56A-DAF5-4B9D-87AE-A9376345BA0A}.Debug|Any CPU.ActiveCfg = Debug|Any CPU
		{3A28E56A-DAF5-4B9D-87AE-A9376345BA0A}.Debug|Any CPU.Build.0 = Debug|Any CPU
		{3A28E56A-DAF5-4B9D-87AE-A9376345BA0A}.Debug|x64.ActiveCfg = Debug|Any CPU
		{3A28E56A-DAF5-4B9D-87AE-A9376345BA0A}.Debug|x64.Build.0 = Debug|Any CPU
		{3A28E56A-DAF5-4B9D-87AE-A9376345BA0A}.Debug|x86.ActiveCfg = Debug|Any CPU
		{3A28E56A-DAF5-4B9D-87AE-A9376345BA0A}.Debug|x86.Build.0 = Debug|Any CPU
		{3A28E56A-DAF5-4B9D-87AE-A9376345BA0A}.Release|Any CPU.ActiveCfg = Release|Any CPU
		{3A28E56A-DAF5-4B9D-87AE-A9376345BA0A}.Release|Any CPU.Build.0 = Release|Any CPU
		{3A28E56A-DAF5-4B9D-87AE-A9376345BA0A}.Release|x64.ActiveCfg = Release|Any CPU
		{3A28E56A-DAF5-4B9D-87AE-A9376345BA0A}.Release|x64.Build.0 = Release|Any CPU
		{3A28E56A-DAF5-4B9D-87AE-A9376345BA0A}.Release|x86.ActiveCfg = Release|Any CPU
		{3A28E56A-DAF5-4B9D-87AE-A9376345BA0A}.Release|x86.Build.0 = Release|Any CPU
		{6E825648-1B0D-4B9F-B3DF-F4CAF77024C0}.Debug|Any CPU.ActiveCfg = Debug|Any CPU
		{6E825648-1B0D-4B9F-B3DF-F4CAF77024C0}.Debug|Any CPU.Build.0 = Debug|Any CPU
		{6E825648-1B0D-4B9F-B3DF-F4CAF77024C0}.Debug|x64.ActiveCfg = Debug|Any CPU
		{6E825648-1B0D-4B9F-B3DF-F4CAF77024C0}.Debug|x64.Build.0 = Debug|Any CPU
		{6E825648-1B0D-4B9F-B3DF-F4CAF77024C0}.Debug|x86.ActiveCfg = Debug|Any CPU
		{6E825648-1B0D-4B9F-B3DF-F4CAF77024C0}.Debug|x86.Build.0 = Debug|Any CPU
		{6E825648-1B0D-4B9F-B3DF-F4CAF77024C0}.Release|Any CPU.ActiveCfg = Release|Any CPU
		{6E825648-1B0D-4B9F-B3DF-F4CAF77024C0}.Release|Any CPU.Build.0 = Release|Any CPU
		{6E825648-1B0D-4B9F-B3DF-F4CAF77024C0}.Release|x64.ActiveCfg = Release|Any CPU
		{6E825648-1B0D-4B9F-B3DF-F4CAF77024C0}.Release|x64.Build.0 = Release|Any CPU
		{6E825648-1B0D-4B9F-B3DF-F4CAF77024C0}.Release|x86.ActiveCfg = Release|Any CPU
		{6E825648-1B0D-4B9F-B3DF-F4CAF77024C0}.Release|x86.Build.0 = Release|Any CPU
		{3485E187-7C8B-4544-AC2C-0E4520015D62}.Debug|Any CPU.ActiveCfg = Debug|Any CPU
		{3485E187-7C8B-4544-AC2C-0E4520015D62}.Debug|Any CPU.Build.0 = Debug|Any CPU
		{3485E187-7C8B-4544-AC2C-0E4520015D62}.Debug|x64.ActiveCfg = Debug|Any CPU
		{3485E187-7C8B-4544-AC2C-0E4520015D62}.Debug|x64.Build.0 = Debug|Any CPU
		{3485E187-7C8B-4544-AC2C-0E4520015D62}.Debug|x86.ActiveCfg = Debug|Any CPU
		{3485E187-7C8B-4544-AC2C-0E4520015D62}.Debug|x86.Build.0 = Debug|Any CPU
		{3485E187-7C8B-4544-AC2C-0E4520015D62}.Release|Any CPU.ActiveCfg = Release|Any CPU
		{3485E187-7C8B-4544-AC2C-0E4520015D62}.Release|Any CPU.Build.0 = Release|Any CPU
		{3485E187-7C8B-4544-AC2C-0E4520015D62}.Release|x64.ActiveCfg = Release|Any CPU
		{3485E187-7C8B-4544-AC2C-0E4520015D62}.Release|x64.Build.0 = Release|Any CPU
		{3485E187-7C8B-4544-AC2C-0E4520015D62}.Release|x86.ActiveCfg = Release|Any CPU
		{3485E187-7C8B-4544-AC2C-0E4520015D62}.Release|x86.Build.0 = Release|Any CPU
	EndGlobalSection
	GlobalSection(SolutionProperties) = preSolution
		HideSolutionNode = FALSE
	EndGlobalSection
	GlobalSection(ExtensibilityGlobals) = postSolution
		SolutionGuid = {67A6DEC1-365E-4A74-BB6D-3FFA353C8198}
	EndGlobalSection
EndGlobal
