
Microsoft Visual Studio Solution File, Format Version 12.00
# Visual Studio Version 17
VisualStudioVersion = 17.12.35707.178
MinimumVisualStudioVersion = 10.0.40219.1
Project("{FAE04EC0-301F-11D3-BF4B-00C04F79EFBC}") = "PharmacyWebApp", "PharmacyWebApp\PharmacyWebApp.csproj", "{C2F4F281-C77B-4BC3-8DDE-25D1726A4A03}"
EndProject
Project("{FAE04EC0-301F-11D3-BF4B-00C04F79EFBC}") = "PharmacyWebApp.Data", "PharmacyWebApp.Data\PharmacyWebApp.Data.csproj", "{9EA48920-DBAA-4C9E-9F5F-25276CCF251E}"
EndProject
Project("{FAE04EC0-301F-11D3-BF4B-00C04F79EFBC}") = "PharmacyebApp.Services", "PharmacyebApp.Services\PharmacyebApp.Services.csproj", "{1CB9FC1C-02CD-481E-AB4E-B66562EC6B5A}"
EndProject
Global
	GlobalSection(SolutionConfigurationPlatforms) = preSolution
		Debug|Any CPU = Debug|Any CPU
		Release|Any CPU = Release|Any CPU
	EndGlobalSection
	GlobalSection(ProjectConfigurationPlatforms) = postSolution
		{C2F4F281-C77B-4BC3-8DDE-25D1726A4A03}.Debug|Any CPU.ActiveCfg = Debug|Any CPU
		{C2F4F281-C77B-4BC3-8DDE-25D1726A4A03}.Debug|Any CPU.Build.0 = Debug|Any CPU
		{C2F4F281-C77B-4BC3-8DDE-25D1726A4A03}.Release|Any CPU.ActiveCfg = Release|Any CPU
		{C2F4F281-C77B-4BC3-8DDE-25D1726A4A03}.Release|Any CPU.Build.0 = Release|Any CPU
		{9EA48920-DBAA-4C9E-9F5F-25276CCF251E}.Debug|Any CPU.ActiveCfg = Debug|Any CPU
		{9EA48920-DBAA-4C9E-9F5F-25276CCF251E}.Debug|Any CPU.Build.0 = Debug|Any CPU
		{9EA48920-DBAA-4C9E-9F5F-25276CCF251E}.Release|Any CPU.ActiveCfg = Release|Any CPU
		{9EA48920-DBAA-4C9E-9F5F-25276CCF251E}.Release|Any CPU.Build.0 = Release|Any CPU
		{1CB9FC1C-02CD-481E-AB4E-B66562EC6B5A}.Debug|Any CPU.ActiveCfg = Debug|Any CPU
		{1CB9FC1C-02CD-481E-AB4E-B66562EC6B5A}.Debug|Any CPU.Build.0 = Debug|Any CPU
		{1CB9FC1C-02CD-481E-AB4E-B66562EC6B5A}.Release|Any CPU.ActiveCfg = Release|Any CPU
		{1CB9FC1C-02CD-481E-AB4E-B66562EC6B5A}.Release|Any CPU.Build.0 = Release|Any CPU
	EndGlobalSection
	GlobalSection(SolutionProperties) = preSolution
		HideSolutionNode = FALSE
	EndGlobalSection
EndGlobal
